// !$*UTF8*$!
{
	archiveVersion = 1;
	classes = {
	};
	objectVersion = 50;
	objects = {

/* Begin PBXBuildFile section */
		22FB66DE17C0DB61EFAED44D /* Pods_FilmTests.framework in Frameworks */ = {isa = PBXBuildFile; fileRef = 2A88830666B5E6D924EF8F53 /* Pods_FilmTests.framework */; };
		3C69B839C523672A0E5D0840 /* Pods_Film.framework in Frameworks */ = {isa = PBXBuildFile; fileRef = CBAF96EBEC6BDE9FD888D4AE /* Pods_Film.framework */; };
		8E3970C66878B87EF02637FA /* Pods_FilmUITests.framework in Frameworks */ = {isa = PBXBuildFile; fileRef = C85B9859A72D231E348DC70B /* Pods_FilmUITests.framework */; };
		C6033D7E23E4258300071BDE /* Delegate.swift in Sources */ = {isa = PBXBuildFile; fileRef = C6033D7D23E4258300071BDE /* Delegate.swift */; };
		C60D411B23DC2C340010925A /* TapAnimationButton.swift in Sources */ = {isa = PBXBuildFile; fileRef = C60D411A23DC2C340010925A /* TapAnimationButton.swift */; };
		C60D411F23DD60B20010925A /* ChooseFilterView.swift in Sources */ = {isa = PBXBuildFile; fileRef = C60D411E23DD60B20010925A /* ChooseFilterView.swift */; };
		C60D412123DD60C50010925A /* ChooseFilterView.xib in Resources */ = {isa = PBXBuildFile; fileRef = C60D412023DD60C50010925A /* ChooseFilterView.xib */; };
		C62E691723935C460041624A /* CameraViewController.swift in Sources */ = {isa = PBXBuildFile; fileRef = C62E691623935C460041624A /* CameraViewController.swift */; };
		C62E6919239363170041624A /* EditingViewController.swift in Sources */ = {isa = PBXBuildFile; fileRef = C62E6918239363170041624A /* EditingViewController.swift */; };
		C65DED75238128E800DE99A2 /* AppDelegate.swift in Sources */ = {isa = PBXBuildFile; fileRef = C65DED74238128E800DE99A2 /* AppDelegate.swift */; };
		C65DED77238128E800DE99A2 /* SceneDelegate.swift in Sources */ = {isa = PBXBuildFile; fileRef = C65DED76238128E800DE99A2 /* SceneDelegate.swift */; };
		C65DED79238128E800DE99A2 /* ViewController.swift in Sources */ = {isa = PBXBuildFile; fileRef = C65DED78238128E800DE99A2 /* ViewController.swift */; };
		C65DED7C238128E800DE99A2 /* Main.storyboard in Resources */ = {isa = PBXBuildFile; fileRef = C65DED7A238128E800DE99A2 /* Main.storyboard */; };
		C65DED7F238128E800DE99A2 /* Film.xcdatamodeld in Sources */ = {isa = PBXBuildFile; fileRef = C65DED7D238128E800DE99A2 /* Film.xcdatamodeld */; };
		C65DED81238128EA00DE99A2 /* Assets.xcassets in Resources */ = {isa = PBXBuildFile; fileRef = C65DED80238128EA00DE99A2 /* Assets.xcassets */; };
		C65DED84238128EA00DE99A2 /* LaunchScreen.storyboard in Resources */ = {isa = PBXBuildFile; fileRef = C65DED82238128EA00DE99A2 /* LaunchScreen.storyboard */; };
		C65DED8F238128EA00DE99A2 /* FilmTests.swift in Sources */ = {isa = PBXBuildFile; fileRef = C65DED8E238128EA00DE99A2 /* FilmTests.swift */; };
		C65DED9A238128EA00DE99A2 /* FilmUITests.swift in Sources */ = {isa = PBXBuildFile; fileRef = C65DED99238128EA00DE99A2 /* FilmUITests.swift */; };
		C68403E823DED54700FE412E /* EditView.swift in Sources */ = {isa = PBXBuildFile; fileRef = C68403E723DED54700FE412E /* EditView.swift */; };
		C68403EB23DED56700FE412E /* EditView.xib in Resources */ = {isa = PBXBuildFile; fileRef = C68403EA23DED56700FE412E /* EditView.xib */; };
/* End PBXBuildFile section */

/* Begin PBXContainerItemProxy section */
		C65DED8B238128EA00DE99A2 /* PBXContainerItemProxy */ = {
			isa = PBXContainerItemProxy;
			containerPortal = C65DED69238128E800DE99A2 /* Project object */;
			proxyType = 1;
			remoteGlobalIDString = C65DED70238128E800DE99A2;
			remoteInfo = Film;
		};
		C65DED96238128EA00DE99A2 /* PBXContainerItemProxy */ = {
			isa = PBXContainerItemProxy;
			containerPortal = C65DED69238128E800DE99A2 /* Project object */;
			proxyType = 1;
			remoteGlobalIDString = C65DED70238128E800DE99A2;
			remoteInfo = Film;
		};
/* End PBXContainerItemProxy section */

/* Begin PBXFileReference section */
		1A21B12789792C8ACC86F246 /* Pods-Film.release.xcconfig */ = {isa = PBXFileReference; includeInIndex = 1; lastKnownFileType = text.xcconfig; name = "Pods-Film.release.xcconfig"; path = "Target Support Files/Pods-Film/Pods-Film.release.xcconfig"; sourceTree = "<group>"; };
		2299AB3417478BDAF11F5E0D /* Pods-Film.debug.xcconfig */ = {isa = PBXFileReference; includeInIndex = 1; lastKnownFileType = text.xcconfig; name = "Pods-Film.debug.xcconfig"; path = "Target Support Files/Pods-Film/Pods-Film.debug.xcconfig"; sourceTree = "<group>"; };
		2A88830666B5E6D924EF8F53 /* Pods_FilmTests.framework */ = {isa = PBXFileReference; explicitFileType = wrapper.framework; includeInIndex = 0; path = Pods_FilmTests.framework; sourceTree = BUILT_PRODUCTS_DIR; };
		529F9252624C541A26308E13 /* Pods-FilmTests.release.xcconfig */ = {isa = PBXFileReference; includeInIndex = 1; lastKnownFileType = text.xcconfig; name = "Pods-FilmTests.release.xcconfig"; path = "Target Support Files/Pods-FilmTests/Pods-FilmTests.release.xcconfig"; sourceTree = "<group>"; };
		571CC1AF4919FF15B512EDFB /* Pods-FilmUITests.debug.xcconfig */ = {isa = PBXFileReference; includeInIndex = 1; lastKnownFileType = text.xcconfig; name = "Pods-FilmUITests.debug.xcconfig"; path = "Target Support Files/Pods-FilmUITests/Pods-FilmUITests.debug.xcconfig"; sourceTree = "<group>"; };
		7B312C8649E94275A82451ED /* Pods-FilmTests.debug.xcconfig */ = {isa = PBXFileReference; includeInIndex = 1; lastKnownFileType = text.xcconfig; name = "Pods-FilmTests.debug.xcconfig"; path = "Target Support Files/Pods-FilmTests/Pods-FilmTests.debug.xcconfig"; sourceTree = "<group>"; };
		7F39B1A77C36E3470DF94003 /* Pods-FilmUITests.release.xcconfig */ = {isa = PBXFileReference; includeInIndex = 1; lastKnownFileType = text.xcconfig; name = "Pods-FilmUITests.release.xcconfig"; path = "Target Support Files/Pods-FilmUITests/Pods-FilmUITests.release.xcconfig"; sourceTree = "<group>"; };
		C6033D7D23E4258300071BDE /* Delegate.swift */ = {isa = PBXFileReference; lastKnownFileType = sourcecode.swift; path = Delegate.swift; sourceTree = "<group>"; };
		C60D411A23DC2C340010925A /* TapAnimationButton.swift */ = {isa = PBXFileReference; lastKnownFileType = sourcecode.swift; path = TapAnimationButton.swift; sourceTree = "<group>"; };
		C60D411E23DD60B20010925A /* ChooseFilterView.swift */ = {isa = PBXFileReference; lastKnownFileType = sourcecode.swift; path = ChooseFilterView.swift; sourceTree = "<group>"; };
		C60D412023DD60C50010925A /* ChooseFilterView.xib */ = {isa = PBXFileReference; lastKnownFileType = file.xib; path = ChooseFilterView.xib; sourceTree = "<group>"; };
		C62E691623935C460041624A /* CameraViewController.swift */ = {isa = PBXFileReference; lastKnownFileType = sourcecode.swift; path = CameraViewController.swift; sourceTree = "<group>"; };
		C62E6918239363170041624A /* EditingViewController.swift */ = {isa = PBXFileReference; lastKnownFileType = sourcecode.swift; path = EditingViewController.swift; sourceTree = "<group>"; };
		C65DED71238128E800DE99A2 /* Film.app */ = {isa = PBXFileReference; explicitFileType = wrapper.application; includeInIndex = 0; path = Film.app; sourceTree = BUILT_PRODUCTS_DIR; };
		C65DED74238128E800DE99A2 /* AppDelegate.swift */ = {isa = PBXFileReference; lastKnownFileType = sourcecode.swift; path = AppDelegate.swift; sourceTree = "<group>"; };
		C65DED76238128E800DE99A2 /* SceneDelegate.swift */ = {isa = PBXFileReference; lastKnownFileType = sourcecode.swift; path = SceneDelegate.swift; sourceTree = "<group>"; };
		C65DED78238128E800DE99A2 /* ViewController.swift */ = {isa = PBXFileReference; lastKnownFileType = sourcecode.swift; path = ViewController.swift; sourceTree = "<group>"; };
		C65DED7B238128E800DE99A2 /* Base */ = {isa = PBXFileReference; lastKnownFileType = file.storyboard; name = Base; path = Base.lproj/Main.storyboard; sourceTree = "<group>"; };
		C65DED7E238128E800DE99A2 /* Film.xcdatamodel */ = {isa = PBXFileReference; lastKnownFileType = wrapper.xcdatamodel; path = Film.xcdatamodel; sourceTree = "<group>"; };
		C65DED80238128EA00DE99A2 /* Assets.xcassets */ = {isa = PBXFileReference; lastKnownFileType = folder.assetcatalog; path = Assets.xcassets; sourceTree = "<group>"; };
		C65DED83238128EA00DE99A2 /* Base */ = {isa = PBXFileReference; lastKnownFileType = file.storyboard; name = Base; path = Base.lproj/LaunchScreen.storyboard; sourceTree = "<group>"; };
		C65DED85238128EA00DE99A2 /* Info.plist */ = {isa = PBXFileReference; lastKnownFileType = text.plist.xml; path = Info.plist; sourceTree = "<group>"; };
		C65DED8A238128EA00DE99A2 /* FilmTests.xctest */ = {isa = PBXFileReference; explicitFileType = wrapper.cfbundle; includeInIndex = 0; path = FilmTests.xctest; sourceTree = BUILT_PRODUCTS_DIR; };
		C65DED8E238128EA00DE99A2 /* FilmTests.swift */ = {isa = PBXFileReference; lastKnownFileType = sourcecode.swift; path = FilmTests.swift; sourceTree = "<group>"; };
		C65DED90238128EA00DE99A2 /* Info.plist */ = {isa = PBXFileReference; lastKnownFileType = text.plist.xml; path = Info.plist; sourceTree = "<group>"; };
		C65DED95238128EA00DE99A2 /* FilmUITests.xctest */ = {isa = PBXFileReference; explicitFileType = wrapper.cfbundle; includeInIndex = 0; path = FilmUITests.xctest; sourceTree = BUILT_PRODUCTS_DIR; };
		C65DED99238128EA00DE99A2 /* FilmUITests.swift */ = {isa = PBXFileReference; lastKnownFileType = sourcecode.swift; path = FilmUITests.swift; sourceTree = "<group>"; };
		C65DED9B238128EA00DE99A2 /* Info.plist */ = {isa = PBXFileReference; lastKnownFileType = text.plist.xml; path = Info.plist; sourceTree = "<group>"; };
		C68403E723DED54700FE412E /* EditView.swift */ = {isa = PBXFileReference; lastKnownFileType = sourcecode.swift; path = EditView.swift; sourceTree = "<group>"; };
		C68403EA23DED56700FE412E /* EditView.xib */ = {isa = PBXFileReference; lastKnownFileType = file.xib; path = EditView.xib; sourceTree = "<group>"; };
		C85B9859A72D231E348DC70B /* Pods_FilmUITests.framework */ = {isa = PBXFileReference; explicitFileType = wrapper.framework; includeInIndex = 0; path = Pods_FilmUITests.framework; sourceTree = BUILT_PRODUCTS_DIR; };
		CBAF96EBEC6BDE9FD888D4AE /* Pods_Film.framework */ = {isa = PBXFileReference; explicitFileType = wrapper.framework; includeInIndex = 0; path = Pods_Film.framework; sourceTree = BUILT_PRODUCTS_DIR; };
/* End PBXFileReference section */

/* Begin PBXFrameworksBuildPhase section */
		C65DED6E238128E800DE99A2 /* Frameworks */ = {
			isa = PBXFrameworksBuildPhase;
			buildActionMask = 2147483647;
			files = (
				3C69B839C523672A0E5D0840 /* Pods_Film.framework in Frameworks */,
			);
			runOnlyForDeploymentPostprocessing = 0;
		};
		C65DED87238128EA00DE99A2 /* Frameworks */ = {
			isa = PBXFrameworksBuildPhase;
			buildActionMask = 2147483647;
			files = (
				22FB66DE17C0DB61EFAED44D /* Pods_FilmTests.framework in Frameworks */,
			);
			runOnlyForDeploymentPostprocessing = 0;
		};
		C65DED92238128EA00DE99A2 /* Frameworks */ = {
			isa = PBXFrameworksBuildPhase;
			buildActionMask = 2147483647;
			files = (
				8E3970C66878B87EF02637FA /* Pods_FilmUITests.framework in Frameworks */,
			);
			runOnlyForDeploymentPostprocessing = 0;
		};
/* End PBXFrameworksBuildPhase section */

/* Begin PBXGroup section */
		2231FCA473EDED4FDE54B430 /* Pods */ = {
			isa = PBXGroup;
			children = (
				2299AB3417478BDAF11F5E0D /* Pods-Film.debug.xcconfig */,
				1A21B12789792C8ACC86F246 /* Pods-Film.release.xcconfig */,
				7B312C8649E94275A82451ED /* Pods-FilmTests.debug.xcconfig */,
				529F9252624C541A26308E13 /* Pods-FilmTests.release.xcconfig */,
				571CC1AF4919FF15B512EDFB /* Pods-FilmUITests.debug.xcconfig */,
				7F39B1A77C36E3470DF94003 /* Pods-FilmUITests.release.xcconfig */,
			);
			path = Pods;
			sourceTree = "<group>";
		};
		4C8BB887C232F167F8DF90FB /* Frameworks */ = {
			isa = PBXGroup;
			children = (
				CBAF96EBEC6BDE9FD888D4AE /* Pods_Film.framework */,
				2A88830666B5E6D924EF8F53 /* Pods_FilmTests.framework */,
				C85B9859A72D231E348DC70B /* Pods_FilmUITests.framework */,
			);
			name = Frameworks;
			sourceTree = "<group>";
		};
		C65DED68238128E800DE99A2 = {
			isa = PBXGroup;
			children = (
				C65DED73238128E800DE99A2 /* Film */,
				C65DED8D238128EA00DE99A2 /* FilmTests */,
				C65DED98238128EA00DE99A2 /* FilmUITests */,
				C65DED72238128E800DE99A2 /* Products */,
				2231FCA473EDED4FDE54B430 /* Pods */,
				4C8BB887C232F167F8DF90FB /* Frameworks */,
			);
			sourceTree = "<group>";
		};
		C65DED72238128E800DE99A2 /* Products */ = {
			isa = PBXGroup;
			children = (
				C65DED71238128E800DE99A2 /* Film.app */,
				C65DED8A238128EA00DE99A2 /* FilmTests.xctest */,
				C65DED95238128EA00DE99A2 /* FilmUITests.xctest */,
			);
			name = Products;
			sourceTree = "<group>";
		};
		C65DED73238128E800DE99A2 /* Film */ = {
			isa = PBXGroup;
			children = (
				C65DED74238128E800DE99A2 /* AppDelegate.swift */,
				C65DED76238128E800DE99A2 /* SceneDelegate.swift */,
				C6033D7D23E4258300071BDE /* Delegate.swift */,
				C65DED78238128E800DE99A2 /* ViewController.swift */,
				C62E691623935C460041624A /* CameraViewController.swift */,
				C62E6918239363170041624A /* EditingViewController.swift */,
				C65DED7A238128E800DE99A2 /* Main.storyboard */,
				C60D411E23DD60B20010925A /* ChooseFilterView.swift */,
				C60D412023DD60C50010925A /* ChooseFilterView.xib */,
				C68403E723DED54700FE412E /* EditView.swift */,
				C68403EA23DED56700FE412E /* EditView.xib */,
				C60D411A23DC2C340010925A /* TapAnimationButton.swift */,
				C65DED80238128EA00DE99A2 /* Assets.xcassets */,
				C65DED82238128EA00DE99A2 /* LaunchScreen.storyboard */,
				C65DED85238128EA00DE99A2 /* Info.plist */,
				C65DED7D238128E800DE99A2 /* Film.xcdatamodeld */,
			);
			path = Film;
			sourceTree = "<group>";
		};
		C65DED8D238128EA00DE99A2 /* FilmTests */ = {
			isa = PBXGroup;
			children = (
				C65DED8E238128EA00DE99A2 /* FilmTests.swift */,
				C65DED90238128EA00DE99A2 /* Info.plist */,
			);
			path = FilmTests;
			sourceTree = "<group>";
		};
		C65DED98238128EA00DE99A2 /* FilmUITests */ = {
			isa = PBXGroup;
			children = (
				C65DED99238128EA00DE99A2 /* FilmUITests.swift */,
				C65DED9B238128EA00DE99A2 /* Info.plist */,
			);
			path = FilmUITests;
			sourceTree = "<group>";
		};
/* End PBXGroup section */

/* Begin PBXNativeTarget section */
		C65DED70238128E800DE99A2 /* Film */ = {
			isa = PBXNativeTarget;
			buildConfigurationList = C65DED9E238128EA00DE99A2 /* Build configuration list for PBXNativeTarget "Film" */;
			buildPhases = (
				63077AC3E29DB89AA879829B /* [CP] Check Pods Manifest.lock */,
				C65DED6D238128E800DE99A2 /* Sources */,
				C65DED6E238128E800DE99A2 /* Frameworks */,
				C65DED6F238128E800DE99A2 /* Resources */,
			);
			buildRules = (
			);
			dependencies = (
			);
			name = Film;
			productName = Film;
			productReference = C65DED71238128E800DE99A2 /* Film.app */;
			productType = "com.apple.product-type.application";
		};
		C65DED89238128EA00DE99A2 /* FilmTests */ = {
			isa = PBXNativeTarget;
			buildConfigurationList = C65DEDA1238128EA00DE99A2 /* Build configuration list for PBXNativeTarget "FilmTests" */;
			buildPhases = (
				76E12D75916D20E12F810742 /* [CP] Check Pods Manifest.lock */,
				C65DED86238128EA00DE99A2 /* Sources */,
				C65DED87238128EA00DE99A2 /* Frameworks */,
				C65DED88238128EA00DE99A2 /* Resources */,
			);
			buildRules = (
			);
			dependencies = (
				C65DED8C238128EA00DE99A2 /* PBXTargetDependency */,
			);
			name = FilmTests;
			productName = FilmTests;
			productReference = C65DED8A238128EA00DE99A2 /* FilmTests.xctest */;
			productType = "com.apple.product-type.bundle.unit-test";
		};
		C65DED94238128EA00DE99A2 /* FilmUITests */ = {
			isa = PBXNativeTarget;
			buildConfigurationList = C65DEDA4238128EA00DE99A2 /* Build configuration list for PBXNativeTarget "FilmUITests" */;
			buildPhases = (
				4AADB565E37111F9A54100B3 /* [CP] Check Pods Manifest.lock */,
				C65DED91238128EA00DE99A2 /* Sources */,
				C65DED92238128EA00DE99A2 /* Frameworks */,
				C65DED93238128EA00DE99A2 /* Resources */,
			);
			buildRules = (
			);
			dependencies = (
				C65DED97238128EA00DE99A2 /* PBXTargetDependency */,
			);
			name = FilmUITests;
			productName = FilmUITests;
			productReference = C65DED95238128EA00DE99A2 /* FilmUITests.xctest */;
			productType = "com.apple.product-type.bundle.ui-testing";
		};
/* End PBXNativeTarget section */

/* Begin PBXProject section */
		C65DED69238128E800DE99A2 /* Project object */ = {
			isa = PBXProject;
			attributes = {
				LastSwiftUpdateCheck = 1110;
				LastUpgradeCheck = 1110;
				ORGANIZATIONNAME = "K Mayuka";
				TargetAttributes = {
					C65DED70238128E800DE99A2 = {
						CreatedOnToolsVersion = 11.1;
					};
					C65DED89238128EA00DE99A2 = {
						CreatedOnToolsVersion = 11.1;
						TestTargetID = C65DED70238128E800DE99A2;
					};
					C65DED94238128EA00DE99A2 = {
						CreatedOnToolsVersion = 11.1;
						TestTargetID = C65DED70238128E800DE99A2;
					};
				};
			};
			buildConfigurationList = C65DED6C238128E800DE99A2 /* Build configuration list for PBXProject "Film" */;
			compatibilityVersion = "Xcode 9.3";
			developmentRegion = en;
			hasScannedForEncodings = 0;
			knownRegions = (
				en,
				Base,
			);
			mainGroup = C65DED68238128E800DE99A2;
			productRefGroup = C65DED72238128E800DE99A2 /* Products */;
			projectDirPath = "";
			projectRoot = "";
			targets = (
				C65DED70238128E800DE99A2 /* Film */,
				C65DED89238128EA00DE99A2 /* FilmTests */,
				C65DED94238128EA00DE99A2 /* FilmUITests */,
			);
		};
/* End PBXProject section */

/* Begin PBXResourcesBuildPhase section */
		C65DED6F238128E800DE99A2 /* Resources */ = {
			isa = PBXResourcesBuildPhase;
			buildActionMask = 2147483647;
			files = (
				C65DED84238128EA00DE99A2 /* LaunchScreen.storyboard in Resources */,
				C65DED81238128EA00DE99A2 /* Assets.xcassets in Resources */,
				C65DED7C238128E800DE99A2 /* Main.storyboard in Resources */,
				C68403EB23DED56700FE412E /* EditView.xib in Resources */,
				C60D412123DD60C50010925A /* ChooseFilterView.xib in Resources */,
			);
			runOnlyForDeploymentPostprocessing = 0;
		};
		C65DED88238128EA00DE99A2 /* Resources */ = {
			isa = PBXResourcesBuildPhase;
			buildActionMask = 2147483647;
			files = (
			);
			runOnlyForDeploymentPostprocessing = 0;
		};
		C65DED93238128EA00DE99A2 /* Resources */ = {
			isa = PBXResourcesBuildPhase;
			buildActionMask = 2147483647;
			files = (
			);
			runOnlyForDeploymentPostprocessing = 0;
		};
/* End PBXResourcesBuildPhase section */

/* Begin PBXShellScriptBuildPhase section */
		4AADB565E37111F9A54100B3 /* [CP] Check Pods Manifest.lock */ = {
			isa = PBXShellScriptBuildPhase;
			buildActionMask = 2147483647;
			files = (
			);
			inputFileListPaths = (
			);
			inputPaths = (
				"${PODS_PODFILE_DIR_PATH}/Podfile.lock",
				"${PODS_ROOT}/Manifest.lock",
			);
			name = "[CP] Check Pods Manifest.lock";
			outputFileListPaths = (
			);
			outputPaths = (
				"$(DERIVED_FILE_DIR)/Pods-FilmUITests-checkManifestLockResult.txt",
			);
			runOnlyForDeploymentPostprocessing = 0;
			shellPath = /bin/sh;
			shellScript = "diff \"${PODS_PODFILE_DIR_PATH}/Podfile.lock\" \"${PODS_ROOT}/Manifest.lock\" > /dev/null\nif [ $? != 0 ] ; then\n    # print error to STDERR\n    echo \"error: The sandbox is not in sync with the Podfile.lock. Run 'pod install' or update your CocoaPods installation.\" >&2\n    exit 1\nfi\n# This output is used by Xcode 'outputs' to avoid re-running this script phase.\necho \"SUCCESS\" > \"${SCRIPT_OUTPUT_FILE_0}\"\n";
			showEnvVarsInLog = 0;
		};
		63077AC3E29DB89AA879829B /* [CP] Check Pods Manifest.lock */ = {
			isa = PBXShellScriptBuildPhase;
			buildActionMask = 2147483647;
			files = (
			);
			inputFileListPaths = (
			);
			inputPaths = (
				"${PODS_PODFILE_DIR_PATH}/Podfile.lock",
				"${PODS_ROOT}/Manifest.lock",
			);
			name = "[CP] Check Pods Manifest.lock";
			outputFileListPaths = (
			);
			outputPaths = (
				"$(DERIVED_FILE_DIR)/Pods-Film-checkManifestLockResult.txt",
			);
			runOnlyForDeploymentPostprocessing = 0;
			shellPath = /bin/sh;
			shellScript = "diff \"${PODS_PODFILE_DIR_PATH}/Podfile.lock\" \"${PODS_ROOT}/Manifest.lock\" > /dev/null\nif [ $? != 0 ] ; then\n    # print error to STDERR\n    echo \"error: The sandbox is not in sync with the Podfile.lock. Run 'pod install' or update your CocoaPods installation.\" >&2\n    exit 1\nfi\n# This output is used by Xcode 'outputs' to avoid re-running this script phase.\necho \"SUCCESS\" > \"${SCRIPT_OUTPUT_FILE_0}\"\n";
			showEnvVarsInLog = 0;
		};
		76E12D75916D20E12F810742 /* [CP] Check Pods Manifest.lock */ = {
			isa = PBXShellScriptBuildPhase;
			buildActionMask = 2147483647;
			files = (
			);
			inputFileListPaths = (
			);
			inputPaths = (
				"${PODS_PODFILE_DIR_PATH}/Podfile.lock",
				"${PODS_ROOT}/Manifest.lock",
			);
			name = "[CP] Check Pods Manifest.lock";
			outputFileListPaths = (
			);
			outputPaths = (
				"$(DERIVED_FILE_DIR)/Pods-FilmTests-checkManifestLockResult.txt",
			);
			runOnlyForDeploymentPostprocessing = 0;
			shellPath = /bin/sh;
			shellScript = "diff \"${PODS_PODFILE_DIR_PATH}/Podfile.lock\" \"${PODS_ROOT}/Manifest.lock\" > /dev/null\nif [ $? != 0 ] ; then\n    # print error to STDERR\n    echo \"error: The sandbox is not in sync with the Podfile.lock. Run 'pod install' or update your CocoaPods installation.\" >&2\n    exit 1\nfi\n# This output is used by Xcode 'outputs' to avoid re-running this script phase.\necho \"SUCCESS\" > \"${SCRIPT_OUTPUT_FILE_0}\"\n";
			showEnvVarsInLog = 0;
		};
/* End PBXShellScriptBuildPhase section */

/* Begin PBXSourcesBuildPhase section */
		C65DED6D238128E800DE99A2 /* Sources */ = {
			isa = PBXSourcesBuildPhase;
			buildActionMask = 2147483647;
			files = (
				C62E691723935C460041624A /* CameraViewController.swift in Sources */,
				C62E6919239363170041624A /* EditingViewController.swift in Sources */,
				C65DED79238128E800DE99A2 /* ViewController.swift in Sources */,
				C65DED7F238128E800DE99A2 /* Film.xcdatamodeld in Sources */,
				C60D411B23DC2C340010925A /* TapAnimationButton.swift in Sources */,
				C68403E823DED54700FE412E /* EditView.swift in Sources */,
				C6033D7E23E4258300071BDE /* Delegate.swift in Sources */,
				C60D411F23DD60B20010925A /* ChooseFilterView.swift in Sources */,
				C65DED75238128E800DE99A2 /* AppDelegate.swift in Sources */,
				C65DED77238128E800DE99A2 /* SceneDelegate.swift in Sources */,
			);
			runOnlyForDeploymentPostprocessing = 0;
		};
		C65DED86238128EA00DE99A2 /* Sources */ = {
			isa = PBXSourcesBuildPhase;
			buildActionMask = 2147483647;
			files = (
				C65DED8F238128EA00DE99A2 /* FilmTests.swift in Sources */,
			);
			runOnlyForDeploymentPostprocessing = 0;
		};
		C65DED91238128EA00DE99A2 /* Sources */ = {
			isa = PBXSourcesBuildPhase;
			buildActionMask = 2147483647;
			files = (
				C65DED9A238128EA00DE99A2 /* FilmUITests.swift in Sources */,
			);
			runOnlyForDeploymentPostprocessing = 0;
		};
/* End PBXSourcesBuildPhase section */

/* Begin PBXTargetDependency section */
		C65DED8C238128EA00DE99A2 /* PBXTargetDependency */ = {
			isa = PBXTargetDependency;
			target = C65DED70238128E800DE99A2 /* Film */;
			targetProxy = C65DED8B238128EA00DE99A2 /* PBXContainerItemProxy */;
		};
		C65DED97238128EA00DE99A2 /* PBXTargetDependency */ = {
			isa = PBXTargetDependency;
			target = C65DED70238128E800DE99A2 /* Film */;
			targetProxy = C65DED96238128EA00DE99A2 /* PBXContainerItemProxy */;
		};
/* End PBXTargetDependency section */

/* Begin PBXVariantGroup section */
		C65DED7A238128E800DE99A2 /* Main.storyboard */ = {
			isa = PBXVariantGroup;
			children = (
				C65DED7B238128E800DE99A2 /* Base */,
			);
			name = Main.storyboard;
			sourceTree = "<group>";
		};
		C65DED82238128EA00DE99A2 /* LaunchScreen.storyboard */ = {
			isa = PBXVariantGroup;
			children = (
				C65DED83238128EA00DE99A2 /* Base */,
			);
			name = LaunchScreen.storyboard;
			sourceTree = "<group>";
		};
/* End PBXVariantGroup section */

/* Begin XCBuildConfiguration section */
		C65DED9C238128EA00DE99A2 /* Debug */ = {
			isa = XCBuildConfiguration;
			buildSettings = {
				ALWAYS_SEARCH_USER_PATHS = NO;
				CLANG_ANALYZER_NONNULL = YES;
				CLANG_ANALYZER_NUMBER_OBJECT_CONVERSION = YES_AGGRESSIVE;
				CLANG_CXX_LANGUAGE_STANDARD = "gnu++14";
				CLANG_CXX_LIBRARY = "libc++";
				CLANG_ENABLE_MODULES = YES;
				CLANG_ENABLE_OBJC_ARC = YES;
				CLANG_ENABLE_OBJC_WEAK = YES;
				CLANG_WARN_BLOCK_CAPTURE_AUTORELEASING = YES;
				CLANG_WARN_BOOL_CONVERSION = YES;
				CLANG_WARN_COMMA = YES;
				CLANG_WARN_CONSTANT_CONVERSION = YES;
				CLANG_WARN_DEPRECATED_OBJC_IMPLEMENTATIONS = YES;
				CLANG_WARN_DIRECT_OBJC_ISA_USAGE = YES_ERROR;
				CLANG_WARN_DOCUMENTATION_COMMENTS = YES;
				CLANG_WARN_EMPTY_BODY = YES;
				CLANG_WARN_ENUM_CONVERSION = YES;
				CLANG_WARN_INFINITE_RECURSION = YES;
				CLANG_WARN_INT_CONVERSION = YES;
				CLANG_WARN_NON_LITERAL_NULL_CONVERSION = YES;
				CLANG_WARN_OBJC_IMPLICIT_RETAIN_SELF = YES;
				CLANG_WARN_OBJC_LITERAL_CONVERSION = YES;
				CLANG_WARN_OBJC_ROOT_CLASS = YES_ERROR;
				CLANG_WARN_RANGE_LOOP_ANALYSIS = YES;
				CLANG_WARN_STRICT_PROTOTYPES = YES;
				CLANG_WARN_SUSPICIOUS_MOVE = YES;
				CLANG_WARN_UNGUARDED_AVAILABILITY = YES_AGGRESSIVE;
				CLANG_WARN_UNREACHABLE_CODE = YES;
				CLANG_WARN__DUPLICATE_METHOD_MATCH = YES;
				COPY_PHASE_STRIP = NO;
				DEBUG_INFORMATION_FORMAT = dwarf;
				ENABLE_STRICT_OBJC_MSGSEND = YES;
				ENABLE_TESTABILITY = YES;
				GCC_C_LANGUAGE_STANDARD = gnu11;
				GCC_DYNAMIC_NO_PIC = NO;
				GCC_NO_COMMON_BLOCKS = YES;
				GCC_OPTIMIZATION_LEVEL = 0;
				GCC_PREPROCESSOR_DEFINITIONS = (
					"DEBUG=1",
					"$(inherited)",
				);
				GCC_WARN_64_TO_32_BIT_CONVERSION = YES;
				GCC_WARN_ABOUT_RETURN_TYPE = YES_ERROR;
				GCC_WARN_UNDECLARED_SELECTOR = YES;
				GCC_WARN_UNINITIALIZED_AUTOS = YES_AGGRESSIVE;
				GCC_WARN_UNUSED_FUNCTION = YES;
				GCC_WARN_UNUSED_VARIABLE = YES;
				IPHONEOS_DEPLOYMENT_TARGET = 13.1;
				MTL_ENABLE_DEBUG_INFO = INCLUDE_SOURCE;
				MTL_FAST_MATH = YES;
				ONLY_ACTIVE_ARCH = YES;
				SDKROOT = iphoneos;
				SWIFT_ACTIVE_COMPILATION_CONDITIONS = DEBUG;
				SWIFT_OPTIMIZATION_LEVEL = "-Onone";
			};
			name = Debug;
		};
		C65DED9D238128EA00DE99A2 /* Release */ = {
			isa = XCBuildConfiguration;
			buildSettings = {
				ALWAYS_SEARCH_USER_PATHS = NO;
				CLANG_ANALYZER_NONNULL = YES;
				CLANG_ANALYZER_NUMBER_OBJECT_CONVERSION = YES_AGGRESSIVE;
				CLANG_CXX_LANGUAGE_STANDARD = "gnu++14";
				CLANG_CXX_LIBRARY = "libc++";
				CLANG_ENABLE_MODULES = YES;
				CLANG_ENABLE_OBJC_ARC = YES;
				CLANG_ENABLE_OBJC_WEAK = YES;
				CLANG_WARN_BLOCK_CAPTURE_AUTORELEASING = YES;
				CLANG_WARN_BOOL_CONVERSION = YES;
				CLANG_WARN_COMMA = YES;
				CLANG_WARN_CONSTANT_CONVERSION = YES;
				CLANG_WARN_DEPRECATED_OBJC_IMPLEMENTATIONS = YES;
				CLANG_WARN_DIRECT_OBJC_ISA_USAGE = YES_ERROR;
				CLANG_WARN_DOCUMENTATION_COMMENTS = YES;
				CLANG_WARN_EMPTY_BODY = YES;
				CLANG_WARN_ENUM_CONVERSION = YES;
				CLANG_WARN_INFINITE_RECURSION = YES;
				CLANG_WARN_INT_CONVERSION = YES;
				CLANG_WARN_NON_LITERAL_NULL_CONVERSION = YES;
				CLANG_WARN_OBJC_IMPLICIT_RETAIN_SELF = YES;
				CLANG_WARN_OBJC_LITERAL_CONVERSION = YES;
				CLANG_WARN_OBJC_ROOT_CLASS = YES_ERROR;
				CLANG_WARN_RANGE_LOOP_ANALYSIS = YES;
				CLANG_WARN_STRICT_PROTOTYPES = YES;
				CLANG_WARN_SUSPICIOUS_MOVE = YES;
				CLANG_WARN_UNGUARDED_AVAILABILITY = YES_AGGRESSIVE;
				CLANG_WARN_UNREACHABLE_CODE = YES;
				CLANG_WARN__DUPLICATE_METHOD_MATCH = YES;
				COPY_PHASE_STRIP = NO;
				DEBUG_INFORMATION_FORMAT = "dwarf-with-dsym";
				ENABLE_NS_ASSERTIONS = NO;
				ENABLE_STRICT_OBJC_MSGSEND = YES;
				GCC_C_LANGUAGE_STANDARD = gnu11;
				GCC_NO_COMMON_BLOCKS = YES;
				GCC_WARN_64_TO_32_BIT_CONVERSION = YES;
				GCC_WARN_ABOUT_RETURN_TYPE = YES_ERROR;
				GCC_WARN_UNDECLARED_SELECTOR = YES;
				GCC_WARN_UNINITIALIZED_AUTOS = YES_AGGRESSIVE;
				GCC_WARN_UNUSED_FUNCTION = YES;
				GCC_WARN_UNUSED_VARIABLE = YES;
				IPHONEOS_DEPLOYMENT_TARGET = 13.1;
				MTL_ENABLE_DEBUG_INFO = NO;
				MTL_FAST_MATH = YES;
				SDKROOT = iphoneos;
				SWIFT_COMPILATION_MODE = wholemodule;
				SWIFT_OPTIMIZATION_LEVEL = "-O";
				VALIDATE_PRODUCT = YES;
			};
			name = Release;
		};
		C65DED9F238128EA00DE99A2 /* Debug */ = {
			isa = XCBuildConfiguration;
			baseConfigurationReference = 2299AB3417478BDAF11F5E0D /* Pods-Film.debug.xcconfig */;
			buildSettings = {
				ASSETCATALOG_COMPILER_APPICON_NAME = AppIcon;
				CODE_SIGN_STYLE = Automatic;
				DEVELOPMENT_TEAM = WP7PXW856A;
				INFOPLIST_FILE = Film/Info.plist;
				IPHONEOS_DEPLOYMENT_TARGET = 11.0;
				LD_RUNPATH_SEARCH_PATHS = (
					"$(inherited)",
					"@executable_path/Frameworks",
				);
				PRODUCT_BUNDLE_IDENTIFIER = in.Mayuka.Film;
				PRODUCT_NAME = "$(TARGET_NAME)";
				SWIFT_VERSION = 5.0;
				TARGETED_DEVICE_FAMILY = 1;
			};
			name = Debug;
		};
		C65DEDA0238128EA00DE99A2 /* Release */ = {
			isa = XCBuildConfiguration;
			baseConfigurationReference = 1A21B12789792C8ACC86F246 /* Pods-Film.release.xcconfig */;
			buildSettings = {
				ASSETCATALOG_COMPILER_APPICON_NAME = AppIcon;
				CODE_SIGN_STYLE = Automatic;
				DEVELOPMENT_TEAM = WP7PXW856A;
				INFOPLIST_FILE = Film/Info.plist;
				IPHONEOS_DEPLOYMENT_TARGET = 11.0;
				LD_RUNPATH_SEARCH_PATHS = (
					"$(inherited)",
					"@executable_path/Frameworks",
				);
				PRODUCT_BUNDLE_IDENTIFIER = in.Mayuka.Film;
				PRODUCT_NAME = "$(TARGET_NAME)";
				SWIFT_VERSION = 5.0;
				TARGETED_DEVICE_FAMILY = 1;
			};
			name = Release;
		};
		C65DEDA2238128EA00DE99A2 /* Debug */ = {
			isa = XCBuildConfiguration;
			baseConfigurationReference = 7B312C8649E94275A82451ED /* Pods-FilmTests.debug.xcconfig */;
			buildSettings = {
				ALWAYS_EMBED_SWIFT_STANDARD_LIBRARIES = YES;
				BUNDLE_LOADER = "$(TEST_HOST)";
				CODE_SIGN_STYLE = Automatic;
				DEVELOPMENT_TEAM = WP7PXW856A;
				INFOPLIST_FILE = FilmTests/Info.plist;
				IPHONEOS_DEPLOYMENT_TARGET = 13.1;
				LD_RUNPATH_SEARCH_PATHS = (
					"$(inherited)",
					"@executable_path/Frameworks",
					"@loader_path/Frameworks",
				);
				PRODUCT_BUNDLE_IDENTIFIER = in.Mayuka.FilmTests;
				PRODUCT_NAME = "$(TARGET_NAME)";
				SWIFT_VERSION = 5.0;
				TARGETED_DEVICE_FAMILY = "1,2";
				TEST_HOST = "$(BUILT_PRODUCTS_DIR)/Film.app/Film";
			};
			name = Debug;
		};
		C65DEDA3238128EA00DE99A2 /* Release */ = {
			isa = XCBuildConfiguration;
			baseConfigurationReference = 529F9252624C541A26308E13 /* Pods-FilmTests.release.xcconfig */;
			buildSettings = {
				ALWAYS_EMBED_SWIFT_STANDARD_LIBRARIES = YES;
				BUNDLE_LOADER = "$(TEST_HOST)";
				CODE_SIGN_STYLE = Automatic;
				DEVELOPMENT_TEAM = WP7PXW856A;
				INFOPLIST_FILE = FilmTests/Info.plist;
				IPHONEOS_DEPLOYMENT_TARGET = 13.1;
				LD_RUNPATH_SEARCH_PATHS = (
					"$(inherited)",
					"@executable_path/Frameworks",
					"@loader_path/Frameworks",
				);
				PRODUCT_BUNDLE_IDENTIFIER = in.Mayuka.FilmTests;
				PRODUCT_NAME = "$(TARGET_NAME)";
				SWIFT_VERSION = 5.0;
				TARGETED_DEVICE_FAMILY = "1,2";
				TEST_HOST = "$(BUILT_PRODUCTS_DIR)/Film.app/Film";
			};
			name = Release;
		};
		C65DEDA5238128EA00DE99A2 /* Debug */ = {
			isa = XCBuildConfiguration;
			baseConfigurationReference = 571CC1AF4919FF15B512EDFB /* Pods-FilmUITests.debug.xcconfig */;
			buildSettings = {
				ALWAYS_EMBED_SWIFT_STANDARD_LIBRARIES = YES;
				CODE_SIGN_STYLE = Automatic;
				DEVELOPMENT_TEAM = WP7PXW856A;
				INFOPLIST_FILE = FilmUITests/Info.plist;
				LD_RUNPATH_SEARCH_PATHS = (
					"$(inherited)",
					"@executable_path/Frameworks",
					"@loader_path/Frameworks",
				);
				PRODUCT_BUNDLE_IDENTIFIER = in.Mayuka.FilmUITests;
				PRODUCT_NAME = "$(TARGET_NAME)";
				SWIFT_VERSION = 5.0;
				TARGETED_DEVICE_FAMILY = "1,2";
				TEST_TARGET_NAME = Film;
			};
			name = Debug;
		};
		C65DEDA6238128EA00DE99A2 /* Release */ = {
			isa = XCBuildConfiguration;
			baseConfigurationReference = 7F39B1A77C36E3470DF94003 /* Pods-FilmUITests.release.xcconfig */;
			buildSettings = {
				ALWAYS_EMBED_SWIFT_STANDARD_LIBRARIES = YES;
				CODE_SIGN_STYLE = Automatic;
				DEVELOPMENT_TEAM = WP7PXW856A;
				INFOPLIST_FILE = FilmUITests/Info.plist;
				LD_RUNPATH_SEARCH_PATHS = (
					"$(inherited)",
					"@executable_path/Frameworks",
					"@loader_path/Frameworks",
				);
				PRODUCT_BUNDLE_IDENTIFIER = in.Mayuka.FilmUITests;
				PRODUCT_NAME = "$(TARGET_NAME)";
				SWIFT_VERSION = 5.0;
				TARGETED_DEVICE_FAMILY = "1,2";
				TEST_TARGET_NAME = Film;
			};
			name = Release;
		};
/* End XCBuildConfiguration section */

/* Begin XCConfigurationList section */
		C65DED6C238128E800DE99A2 /* Build configuration list for PBXProject "Film" */ = {
			isa = XCConfigurationList;
			buildConfigurations = (
				C65DED9C238128EA00DE99A2 /* Debug */,
				C65DED9D238128EA00DE99A2 /* Release */,
			);
			defaultConfigurationIsVisible = 0;
			defaultConfigurationName = Release;
		};
		C65DED9E238128EA00DE99A2 /* Build configuration list for PBXNativeTarget "Film" */ = {
			isa = XCConfigurationList;
			buildConfigurations = (
				C65DED9F238128EA00DE99A2 /* Debug */,
				C65DEDA0238128EA00DE99A2 /* Release */,
			);
			defaultConfigurationIsVisible = 0;
			defaultConfigurationName = Release;
		};
		C65DEDA1238128EA00DE99A2 /* Build configuration list for PBXNativeTarget "FilmTests" */ = {
			isa = XCConfigurationList;
			buildConfigurations = (
				C65DEDA2238128EA00DE99A2 /* Debug */,
				C65DEDA3238128EA00DE99A2 /* Release */,
			);
			defaultConfigurationIsVisible = 0;
			defaultConfigurationName = Release;
		};
		C65DEDA4238128EA00DE99A2 /* Build configuration list for PBXNativeTarget "FilmUITests" */ = {
			isa = XCConfigurationList;
			buildConfigurations = (
				C65DEDA5238128EA00DE99A2 /* Debug */,
				C65DEDA6238128EA00DE99A2 /* Release */,
			);
			defaultConfigurationIsVisible = 0;
			defaultConfigurationName = Release;
		};
/* End XCConfigurationList section */

/* Begin XCVersionGroup section */
		C65DED7D238128E800DE99A2 /* Film.xcdatamodeld */ = {
			isa = XCVersionGroup;
			children = (
				C65DED7E238128E800DE99A2 /* Film.xcdatamodel */,
			);
			currentVersion = C65DED7E238128E800DE99A2 /* Film.xcdatamodel */;
			path = Film.xcdatamodeld;
			sourceTree = "<group>";
			versionGroupType = wrapper.xcdatamodel;
		};
/* End XCVersionGroup section */
	};
	rootObject = C65DED69238128E800DE99A2 /* Project object */;
}
